// !$*UTF8*$!
{
	archiveVersion = 1;
	classes = {
	};
	objectVersion = 50;
	objects = {

/* Begin PBXBuildFile section */
		4107F0AD2681FE0500FDD1F2 /* GFItemInfoView.swift in Sources */ = {isa = PBXBuildFile; fileRef = 4107F0AC2681FE0500FDD1F2 /* GFItemInfoView.swift */; };
		4107F0B0268209AC00FDD1F2 /* GFItemInfoVC.swift in Sources */ = {isa = PBXBuildFile; fileRef = 4107F0AF268209AC00FDD1F2 /* GFItemInfoVC.swift */; };
		4107F0B326820E3900FDD1F2 /* GFRepoItemVC.swift in Sources */ = {isa = PBXBuildFile; fileRef = 4107F0B226820E3900FDD1F2 /* GFRepoItemVC.swift */; };
		4107F0B62682103D00FDD1F2 /* GFFollowerItemVC.swift in Sources */ = {isa = PBXBuildFile; fileRef = 4107F0B52682103D00FDD1F2 /* GFFollowerItemVC.swift */; };
		4107F0BC26821DD500FDD1F2 /* Date+Ext.swift in Sources */ = {isa = PBXBuildFile; fileRef = 4107F0BB26821DD500FDD1F2 /* Date+Ext.swift */; };
		4107F0BF26821DF600FDD1F2 /* String+Ext.swift in Sources */ = {isa = PBXBuildFile; fileRef = 4107F0BE26821DF600FDD1F2 /* String+Ext.swift */; };
		41569095267543AE0066CACB /* FollowerListVC.swift in Sources */ = {isa = PBXBuildFile; fileRef = 41569094267543AE0066CACB /* FollowerListVC.swift */; };
		41569098267549F50066CACB /* GFTitleLabel.swift in Sources */ = {isa = PBXBuildFile; fileRef = 41569097267549F50066CACB /* GFTitleLabel.swift */; };
		4156909B26754C030066CACB /* GFBodyLabel.swift in Sources */ = {isa = PBXBuildFile; fileRef = 4156909A26754C030066CACB /* GFBodyLabel.swift */; };
		4156909E26754D080066CACB /* GFAlertVC.swift in Sources */ = {isa = PBXBuildFile; fileRef = 4156909D26754D080066CACB /* GFAlertVC.swift */; };
		415690A12675544C0066CACB /* UIViewController+Ext.swift in Sources */ = {isa = PBXBuildFile; fileRef = 415690A02675544C0066CACB /* UIViewController+Ext.swift */; };
		415690A826755A5D0066CACB /* GFAlertContainerView.swift in Sources */ = {isa = PBXBuildFile; fileRef = 415690A726755A5D0066CACB /* GFAlertContainerView.swift */; };
		415690B026760FAA0066CACB /* Follower.swift in Sources */ = {isa = PBXBuildFile; fileRef = 415690AF26760FAA0066CACB /* Follower.swift */; };
		415690B32676107C0066CACB /* User.swift in Sources */ = {isa = PBXBuildFile; fileRef = 415690B22676107C0066CACB /* User.swift */; };
		415690B7267614D00066CACB /* NetworkManager.swift in Sources */ = {isa = PBXBuildFile; fileRef = 415690B6267614D00066CACB /* NetworkManager.swift */; };
		415690BB267625890066CACB /* GFError.swift in Sources */ = {isa = PBXBuildFile; fileRef = 415690BA267625890066CACB /* GFError.swift */; };
		415690C1267904A80066CACB /* FollowerCell.swift in Sources */ = {isa = PBXBuildFile; fileRef = 415690C0267904A80066CACB /* FollowerCell.swift */; };
		415690C5267905860066CACB /* GFAvatarImageView.swift in Sources */ = {isa = PBXBuildFile; fileRef = 415690C4267905860066CACB /* GFAvatarImageView.swift */; };
		415690C8267948D10066CACB /* UIHelper.swift in Sources */ = {isa = PBXBuildFile; fileRef = 415690C7267948D10066CACB /* UIHelper.swift */; };
		415690D4267F549B0066CACB /* GFEmptyStateView.swift in Sources */ = {isa = PBXBuildFile; fileRef = 415690D3267F549B0066CACB /* GFEmptyStateView.swift */; };
		4167C0612680B56E00383750 /* UserInfoVC.swift in Sources */ = {isa = PBXBuildFile; fileRef = 4167C0602680B56E00383750 /* UserInfoVC.swift */; };
		4167C0642681E49200383750 /* GFUserInfoHeaderVC.swift in Sources */ = {isa = PBXBuildFile; fileRef = 4167C0632681E49200383750 /* GFUserInfoHeaderVC.swift */; };
		4167C0672681E68F00383750 /* GFSecondaryTitleLabel.swift in Sources */ = {isa = PBXBuildFile; fileRef = 4167C0662681E68F00383750 /* GFSecondaryTitleLabel.swift */; };
		4167C06A2681EEEE00383750 /* Constants.swift in Sources */ = {isa = PBXBuildFile; fileRef = 4167C0692681EEEE00383750 /* Constants.swift */; };
		417B69A6261A380B00155EC9 /* FavoritesListVC.swift in Sources */ = {isa = PBXBuildFile; fileRef = 417B69A5261A380B00155EC9 /* FavoritesListVC.swift */; };
		4185308C267516CC00E93A96 /* GFButton.swift in Sources */ = {isa = PBXBuildFile; fileRef = 4185308B267516CC00E93A96 /* GFButton.swift */; };
		4185308F26751A3E00E93A96 /* GFTextField.swift in Sources */ = {isa = PBXBuildFile; fileRef = 4185308E26751A3E00E93A96 /* GFTextField.swift */; };
		418949BC261A25DE00744980 /* AppDelegate.swift in Sources */ = {isa = PBXBuildFile; fileRef = 418949BB261A25DE00744980 /* AppDelegate.swift */; };
		418949BE261A25DE00744980 /* SceneDelegate.swift in Sources */ = {isa = PBXBuildFile; fileRef = 418949BD261A25DE00744980 /* SceneDelegate.swift */; };
		418949C5261A25DF00744980 /* Assets.xcassets in Resources */ = {isa = PBXBuildFile; fileRef = 418949C4261A25DF00744980 /* Assets.xcassets */; };
		418949C8261A25DF00744980 /* LaunchScreen.storyboard in Resources */ = {isa = PBXBuildFile; fileRef = 418949C6261A25DF00744980 /* LaunchScreen.storyboard */; };
		418949D6261A359900744980 /* SearchVC.swift in Sources */ = {isa = PBXBuildFile; fileRef = 418949D5261A359900744980 /* SearchVC.swift */; };
/* End PBXBuildFile section */

/* Begin PBXFileReference section */
		4107F0AC2681FE0500FDD1F2 /* GFItemInfoView.swift */ = {isa = PBXFileReference; lastKnownFileType = sourcecode.swift; path = GFItemInfoView.swift; sourceTree = "<group>"; };
		4107F0AF268209AC00FDD1F2 /* GFItemInfoVC.swift */ = {isa = PBXFileReference; lastKnownFileType = sourcecode.swift; path = GFItemInfoVC.swift; sourceTree = "<group>"; };
		4107F0B226820E3900FDD1F2 /* GFRepoItemVC.swift */ = {isa = PBXFileReference; lastKnownFileType = sourcecode.swift; path = GFRepoItemVC.swift; sourceTree = "<group>"; };
		4107F0B52682103D00FDD1F2 /* GFFollowerItemVC.swift */ = {isa = PBXFileReference; lastKnownFileType = sourcecode.swift; path = GFFollowerItemVC.swift; sourceTree = "<group>"; };
		4107F0BB26821DD500FDD1F2 /* Date+Ext.swift */ = {isa = PBXFileReference; lastKnownFileType = sourcecode.swift; path = "Date+Ext.swift"; sourceTree = "<group>"; };
		4107F0BE26821DF600FDD1F2 /* String+Ext.swift */ = {isa = PBXFileReference; lastKnownFileType = sourcecode.swift; path = "String+Ext.swift"; sourceTree = "<group>"; };
		41569094267543AE0066CACB /* FollowerListVC.swift */ = {isa = PBXFileReference; lastKnownFileType = sourcecode.swift; path = FollowerListVC.swift; sourceTree = "<group>"; };
		41569097267549F50066CACB /* GFTitleLabel.swift */ = {isa = PBXFileReference; lastKnownFileType = sourcecode.swift; path = GFTitleLabel.swift; sourceTree = "<group>"; };
		4156909A26754C030066CACB /* GFBodyLabel.swift */ = {isa = PBXFileReference; lastKnownFileType = sourcecode.swift; path = GFBodyLabel.swift; sourceTree = "<group>"; };
		4156909D26754D080066CACB /* GFAlertVC.swift */ = {isa = PBXFileReference; lastKnownFileType = sourcecode.swift; path = GFAlertVC.swift; sourceTree = "<group>"; };
		415690A02675544C0066CACB /* UIViewController+Ext.swift */ = {isa = PBXFileReference; lastKnownFileType = sourcecode.swift; path = "UIViewController+Ext.swift"; sourceTree = "<group>"; };
		415690A726755A5D0066CACB /* GFAlertContainerView.swift */ = {isa = PBXFileReference; lastKnownFileType = sourcecode.swift; path = GFAlertContainerView.swift; sourceTree = "<group>"; };
		415690AF26760FAA0066CACB /* Follower.swift */ = {isa = PBXFileReference; lastKnownFileType = sourcecode.swift; path = Follower.swift; sourceTree = "<group>"; };
		415690B22676107C0066CACB /* User.swift */ = {isa = PBXFileReference; lastKnownFileType = sourcecode.swift; path = User.swift; sourceTree = "<group>"; };
		415690B6267614D00066CACB /* NetworkManager.swift */ = {isa = PBXFileReference; lastKnownFileType = sourcecode.swift; path = NetworkManager.swift; sourceTree = "<group>"; };
		415690BA267625890066CACB /* GFError.swift */ = {isa = PBXFileReference; lastKnownFileType = sourcecode.swift; path = GFError.swift; sourceTree = "<group>"; };
		415690C0267904A80066CACB /* FollowerCell.swift */ = {isa = PBXFileReference; lastKnownFileType = sourcecode.swift; path = FollowerCell.swift; sourceTree = "<group>"; };
		415690C4267905860066CACB /* GFAvatarImageView.swift */ = {isa = PBXFileReference; lastKnownFileType = sourcecode.swift; path = GFAvatarImageView.swift; sourceTree = "<group>"; };
		415690C7267948D10066CACB /* UIHelper.swift */ = {isa = PBXFileReference; lastKnownFileType = sourcecode.swift; path = UIHelper.swift; sourceTree = "<group>"; };
		415690D3267F549B0066CACB /* GFEmptyStateView.swift */ = {isa = PBXFileReference; lastKnownFileType = sourcecode.swift; path = GFEmptyStateView.swift; sourceTree = "<group>"; };
		4167C0602680B56E00383750 /* UserInfoVC.swift */ = {isa = PBXFileReference; lastKnownFileType = sourcecode.swift; path = UserInfoVC.swift; sourceTree = "<group>"; };
		4167C0632681E49200383750 /* GFUserInfoHeaderVC.swift */ = {isa = PBXFileReference; lastKnownFileType = sourcecode.swift; path = GFUserInfoHeaderVC.swift; sourceTree = "<group>"; };
		4167C0662681E68F00383750 /* GFSecondaryTitleLabel.swift */ = {isa = PBXFileReference; lastKnownFileType = sourcecode.swift; path = GFSecondaryTitleLabel.swift; sourceTree = "<group>"; };
		4167C0692681EEEE00383750 /* Constants.swift */ = {isa = PBXFileReference; lastKnownFileType = sourcecode.swift; path = Constants.swift; sourceTree = "<group>"; };
		417B69A5261A380B00155EC9 /* FavoritesListVC.swift */ = {isa = PBXFileReference; lastKnownFileType = sourcecode.swift; path = FavoritesListVC.swift; sourceTree = "<group>"; };
		4185308B267516CC00E93A96 /* GFButton.swift */ = {isa = PBXFileReference; lastKnownFileType = sourcecode.swift; path = GFButton.swift; sourceTree = "<group>"; };
		4185308E26751A3E00E93A96 /* GFTextField.swift */ = {isa = PBXFileReference; lastKnownFileType = sourcecode.swift; path = GFTextField.swift; sourceTree = "<group>"; };
		418949B8261A25DE00744980 /* GHFollowers.app */ = {isa = PBXFileReference; explicitFileType = wrapper.application; includeInIndex = 0; path = GHFollowers.app; sourceTree = BUILT_PRODUCTS_DIR; };
		418949BB261A25DE00744980 /* AppDelegate.swift */ = {isa = PBXFileReference; lastKnownFileType = sourcecode.swift; path = AppDelegate.swift; sourceTree = "<group>"; };
		418949BD261A25DE00744980 /* SceneDelegate.swift */ = {isa = PBXFileReference; lastKnownFileType = sourcecode.swift; path = SceneDelegate.swift; sourceTree = "<group>"; };
		418949C4261A25DF00744980 /* Assets.xcassets */ = {isa = PBXFileReference; lastKnownFileType = folder.assetcatalog; path = Assets.xcassets; sourceTree = "<group>"; };
		418949C7261A25DF00744980 /* Base */ = {isa = PBXFileReference; lastKnownFileType = file.storyboard; name = Base; path = Base.lproj/LaunchScreen.storyboard; sourceTree = "<group>"; };
		418949C9261A25DF00744980 /* Info.plist */ = {isa = PBXFileReference; lastKnownFileType = text.plist.xml; path = Info.plist; sourceTree = "<group>"; };
		418949D5261A359900744980 /* SearchVC.swift */ = {isa = PBXFileReference; lastKnownFileType = sourcecode.swift; path = SearchVC.swift; sourceTree = "<group>"; };
/* End PBXFileReference section */

/* Begin PBXFrameworksBuildPhase section */
		418949B5261A25DE00744980 /* Frameworks */ = {
			isa = PBXFrameworksBuildPhase;
			buildActionMask = 2147483647;
			files = (
			);
			runOnlyForDeploymentPostprocessing = 0;
		};
/* End PBXFrameworksBuildPhase section */

/* Begin PBXGroup section */
		4107F0B82682108900FDD1F2 /* ItemInfoVCs */ = {
			isa = PBXGroup;
			children = (
				4107F0AF268209AC00FDD1F2 /* GFItemInfoVC.swift */,
				4107F0B226820E3900FDD1F2 /* GFRepoItemVC.swift */,
				4107F0B52682103D00FDD1F2 /* GFFollowerItemVC.swift */,
			);
			path = ItemInfoVCs;
			sourceTree = "<group>";
		};
		415690A3267557540066CACB /* Screens */ = {
			isa = PBXGroup;
			children = (
				418949D5261A359900744980 /* SearchVC.swift */,
				417B69A5261A380B00155EC9 /* FavoritesListVC.swift */,
				41569094267543AE0066CACB /* FollowerListVC.swift */,
				4167C0602680B56E00383750 /* UserInfoVC.swift */,
			);
			path = Screens;
			sourceTree = "<group>";
		};
		415690A4267557880066CACB /* Custom Views */ = {
			isa = PBXGroup;
			children = (
				415690D2267F544C0066CACB /* Labels */,
				415690D1267F54200066CACB /* ViewControllers */,
				415690D0267F540E0066CACB /* ImageViews */,
				415690CF267F54010066CACB /* TextFields */,
				415690CE267F53F60066CACB /* Buttons */,
				415690CD267F53EB0066CACB /* Views */,
				415690BF2679048F0066CACB /* Cells */,
			);
			path = "Custom Views";
			sourceTree = "<group>";
		};
		415690A5267557C70066CACB /* Extensions */ = {
			isa = PBXGroup;
			children = (
				415690A02675544C0066CACB /* UIViewController+Ext.swift */,
				4107F0BB26821DD500FDD1F2 /* Date+Ext.swift */,
				4107F0BE26821DF600FDD1F2 /* String+Ext.swift */,
			);
			path = Extensions;
			sourceTree = "<group>";
		};
		415690A6267558300066CACB /* Support */ = {
			isa = PBXGroup;
			children = (
				418949BB261A25DE00744980 /* AppDelegate.swift */,
				418949BD261A25DE00744980 /* SceneDelegate.swift */,
				418949C4261A25DF00744980 /* Assets.xcassets */,
				418949C6261A25DF00744980 /* LaunchScreen.storyboard */,
				418949C9261A25DF00744980 /* Info.plist */,
			);
			path = Support;
			sourceTree = "<group>";
		};
		415690AE26760FA00066CACB /* Model */ = {
			isa = PBXGroup;
			children = (
				415690AF26760FAA0066CACB /* Follower.swift */,
				415690B22676107C0066CACB /* User.swift */,
			);
			path = Model;
			sourceTree = "<group>";
		};
		415690B5267614C00066CACB /* Managers */ = {
			isa = PBXGroup;
			children = (
				415690B6267614D00066CACB /* NetworkManager.swift */,
			);
			path = Managers;
			sourceTree = "<group>";
		};
		415690B9267625710066CACB /* Utilities */ = {
			isa = PBXGroup;
			children = (
				415690BA267625890066CACB /* GFError.swift */,
				415690C7267948D10066CACB /* UIHelper.swift */,
				4167C0692681EEEE00383750 /* Constants.swift */,
			);
			path = Utilities;
			sourceTree = "<group>";
		};
		415690BF2679048F0066CACB /* Cells */ = {
			isa = PBXGroup;
			children = (
				415690C0267904A80066CACB /* FollowerCell.swift */,
			);
			path = Cells;
			sourceTree = "<group>";
		};
		415690CD267F53EB0066CACB /* Views */ = {
			isa = PBXGroup;
			children = (
				415690A726755A5D0066CACB /* GFAlertContainerView.swift */,
				415690D3267F549B0066CACB /* GFEmptyStateView.swift */,
				4107F0AC2681FE0500FDD1F2 /* GFItemInfoView.swift */,
			);
			path = Views;
			sourceTree = "<group>";
		};
		415690CE267F53F60066CACB /* Buttons */ = {
			isa = PBXGroup;
			children = (
				4185308B267516CC00E93A96 /* GFButton.swift */,
			);
			path = Buttons;
			sourceTree = "<group>";
		};
		415690CF267F54010066CACB /* TextFields */ = {
			isa = PBXGroup;
			children = (
				4185308E26751A3E00E93A96 /* GFTextField.swift */,
			);
			path = TextFields;
			sourceTree = "<group>";
		};
		415690D0267F540E0066CACB /* ImageViews */ = {
			isa = PBXGroup;
			children = (
				415690C4267905860066CACB /* GFAvatarImageView.swift */,
			);
			path = ImageViews;
			sourceTree = "<group>";
		};
		415690D1267F54200066CACB /* ViewControllers */ = {
			isa = PBXGroup;
			children = (
				4107F0B82682108900FDD1F2 /* ItemInfoVCs */,
				4156909D26754D080066CACB /* GFAlertVC.swift */,
				4167C0632681E49200383750 /* GFUserInfoHeaderVC.swift */,
			);
			path = ViewControllers;
			sourceTree = "<group>";
		};
		415690D2267F544C0066CACB /* Labels */ = {
			isa = PBXGroup;
			children = (
				41569097267549F50066CACB /* GFTitleLabel.swift */,
				4156909A26754C030066CACB /* GFBodyLabel.swift */,
				4167C0662681E68F00383750 /* GFSecondaryTitleLabel.swift */,
			);
			path = Labels;
			sourceTree = "<group>";
		};
		418949AF261A25DE00744980 = {
			isa = PBXGroup;
			children = (
				418949BA261A25DE00744980 /* GHFollowers */,
				418949B9261A25DE00744980 /* Products */,
			);
			sourceTree = "<group>";
		};
		418949B9261A25DE00744980 /* Products */ = {
			isa = PBXGroup;
			children = (
				418949B8261A25DE00744980 /* GHFollowers.app */,
			);
			name = Products;
			sourceTree = "<group>";
		};
		418949BA261A25DE00744980 /* GHFollowers */ = {
			isa = PBXGroup;
			children = (
				415690B9267625710066CACB /* Utilities */,
				415690B5267614C00066CACB /* Managers */,
				415690AE26760FA00066CACB /* Model */,
				415690A6267558300066CACB /* Support */,
				415690A5267557C70066CACB /* Extensions */,
				415690A4267557880066CACB /* Custom Views */,
				415690A3267557540066CACB /* Screens */,
			);
			path = GHFollowers;
			sourceTree = "<group>";
		};
/* End PBXGroup section */

/* Begin PBXNativeTarget section */
		418949B7261A25DE00744980 /* GHFollowers */ = {
			isa = PBXNativeTarget;
			buildConfigurationList = 418949CC261A25DF00744980 /* Build configuration list for PBXNativeTarget "GHFollowers" */;
			buildPhases = (
				418949B4261A25DE00744980 /* Sources */,
				418949B5261A25DE00744980 /* Frameworks */,
				418949B6261A25DE00744980 /* Resources */,
			);
			buildRules = (
			);
			dependencies = (
			);
			name = GHFollowers;
			productName = GHFollowers;
			productReference = 418949B8261A25DE00744980 /* GHFollowers.app */;
			productType = "com.apple.product-type.application";
		};
/* End PBXNativeTarget section */

/* Begin PBXProject section */
		418949B0261A25DE00744980 /* Project object */ = {
			isa = PBXProject;
			attributes = {
				LastSwiftUpdateCheck = 1240;
				LastUpgradeCheck = 1240;
				TargetAttributes = {
					418949B7261A25DE00744980 = {
						CreatedOnToolsVersion = 12.4;
					};
				};
			};
			buildConfigurationList = 418949B3261A25DE00744980 /* Build configuration list for PBXProject "GHFollowers" */;
			compatibilityVersion = "Xcode 9.3";
			developmentRegion = en;
			hasScannedForEncodings = 0;
			knownRegions = (
				en,
				Base,
			);
			mainGroup = 418949AF261A25DE00744980;
			productRefGroup = 418949B9261A25DE00744980 /* Products */;
			projectDirPath = "";
			projectRoot = "";
			targets = (
				418949B7261A25DE00744980 /* GHFollowers */,
			);
		};
/* End PBXProject section */

/* Begin PBXResourcesBuildPhase section */
		418949B6261A25DE00744980 /* Resources */ = {
			isa = PBXResourcesBuildPhase;
			buildActionMask = 2147483647;
			files = (
				418949C8261A25DF00744980 /* LaunchScreen.storyboard in Resources */,
				418949C5261A25DF00744980 /* Assets.xcassets in Resources */,
			);
			runOnlyForDeploymentPostprocessing = 0;
		};
/* End PBXResourcesBuildPhase section */

/* Begin PBXSourcesBuildPhase section */
		418949B4261A25DE00744980 /* Sources */ = {
			isa = PBXSourcesBuildPhase;
			buildActionMask = 2147483647;
			files = (
				415690A826755A5D0066CACB /* GFAlertContainerView.swift in Sources */,
				4185308F26751A3E00E93A96 /* GFTextField.swift in Sources */,
				417B69A6261A380B00155EC9 /* FavoritesListVC.swift in Sources */,
				4167C0642681E49200383750 /* GFUserInfoHeaderVC.swift in Sources */,
				4185308C267516CC00E93A96 /* GFButton.swift in Sources */,
				415690A12675544C0066CACB /* UIViewController+Ext.swift in Sources */,
				415690D4267F549B0066CACB /* GFEmptyStateView.swift in Sources */,
				4167C0672681E68F00383750 /* GFSecondaryTitleLabel.swift in Sources */,
				418949D6261A359900744980 /* SearchVC.swift in Sources */,
				415690B32676107C0066CACB /* User.swift in Sources */,
				415690C1267904A80066CACB /* FollowerCell.swift in Sources */,
				415690C5267905860066CACB /* GFAvatarImageView.swift in Sources */,
				4107F0B326820E3900FDD1F2 /* GFRepoItemVC.swift in Sources */,
				4156909E26754D080066CACB /* GFAlertVC.swift in Sources */,
				4167C0612680B56E00383750 /* UserInfoVC.swift in Sources */,
				415690B026760FAA0066CACB /* Follower.swift in Sources */,
				4156909B26754C030066CACB /* GFBodyLabel.swift in Sources */,
				41569098267549F50066CACB /* GFTitleLabel.swift in Sources */,
				4107F0BF26821DF600FDD1F2 /* String+Ext.swift in Sources */,
				41569095267543AE0066CACB /* FollowerListVC.swift in Sources */,
				4107F0B0268209AC00FDD1F2 /* GFItemInfoVC.swift in Sources */,
				4107F0B62682103D00FDD1F2 /* GFFollowerItemVC.swift in Sources */,
				415690BB267625890066CACB /* GFError.swift in Sources */,
				415690C8267948D10066CACB /* UIHelper.swift in Sources */,
				4107F0BC26821DD500FDD1F2 /* Date+Ext.swift in Sources */,
				415690B7267614D00066CACB /* NetworkManager.swift in Sources */,
				418949BC261A25DE00744980 /* AppDelegate.swift in Sources */,
				4107F0AD2681FE0500FDD1F2 /* GFItemInfoView.swift in Sources */,
				418949BE261A25DE00744980 /* SceneDelegate.swift in Sources */,
				4167C06A2681EEEE00383750 /* Constants.swift in Sources */,
			);
			runOnlyForDeploymentPostprocessing = 0;
		};
/* End PBXSourcesBuildPhase section */

/* Begin PBXVariantGroup section */
		418949C6261A25DF00744980 /* LaunchScreen.storyboard */ = {
			isa = PBXVariantGroup;
			children = (
				418949C7261A25DF00744980 /* Base */,
			);
			name = LaunchScreen.storyboard;
			sourceTree = "<group>";
		};
/* End PBXVariantGroup section */

/* Begin XCBuildConfiguration section */
		418949CA261A25DF00744980 /* Debug */ = {
			isa = XCBuildConfiguration;
			buildSettings = {
				ALWAYS_SEARCH_USER_PATHS = NO;
				CLANG_ANALYZER_NONNULL = YES;
				CLANG_ANALYZER_NUMBER_OBJECT_CONVERSION = YES_AGGRESSIVE;
				CLANG_CXX_LANGUAGE_STANDARD = "gnu++14";
				CLANG_CXX_LIBRARY = "libc++";
				CLANG_ENABLE_MODULES = YES;
				CLANG_ENABLE_OBJC_ARC = YES;
				CLANG_ENABLE_OBJC_WEAK = YES;
				CLANG_WARN_BLOCK_CAPTURE_AUTORELEASING = YES;
				CLANG_WARN_BOOL_CONVERSION = YES;
				CLANG_WARN_COMMA = YES;
				CLANG_WARN_CONSTANT_CONVERSION = YES;
				CLANG_WARN_DEPRECATED_OBJC_IMPLEMENTATIONS = YES;
				CLANG_WARN_DIRECT_OBJC_ISA_USAGE = YES_ERROR;
				CLANG_WARN_DOCUMENTATION_COMMENTS = YES;
				CLANG_WARN_EMPTY_BODY = YES;
				CLANG_WARN_ENUM_CONVERSION = YES;
				CLANG_WARN_INFINITE_RECURSION = YES;
				CLANG_WARN_INT_CONVERSION = YES;
				CLANG_WARN_NON_LITERAL_NULL_CONVERSION = YES;
				CLANG_WARN_OBJC_IMPLICIT_RETAIN_SELF = YES;
				CLANG_WARN_OBJC_LITERAL_CONVERSION = YES;
				CLANG_WARN_OBJC_ROOT_CLASS = YES_ERROR;
				CLANG_WARN_QUOTED_INCLUDE_IN_FRAMEWORK_HEADER = YES;
				CLANG_WARN_RANGE_LOOP_ANALYSIS = YES;
				CLANG_WARN_STRICT_PROTOTYPES = YES;
				CLANG_WARN_SUSPICIOUS_MOVE = YES;
				CLANG_WARN_UNGUARDED_AVAILABILITY = YES_AGGRESSIVE;
				CLANG_WARN_UNREACHABLE_CODE = YES;
				CLANG_WARN__DUPLICATE_METHOD_MATCH = YES;
				COPY_PHASE_STRIP = NO;
				DEBUG_INFORMATION_FORMAT = dwarf;
				ENABLE_STRICT_OBJC_MSGSEND = YES;
				ENABLE_TESTABILITY = YES;
				GCC_C_LANGUAGE_STANDARD = gnu11;
				GCC_DYNAMIC_NO_PIC = NO;
				GCC_NO_COMMON_BLOCKS = YES;
				GCC_OPTIMIZATION_LEVEL = 0;
				GCC_PREPROCESSOR_DEFINITIONS = (
					"DEBUG=1",
					"$(inherited)",
				);
				GCC_WARN_64_TO_32_BIT_CONVERSION = YES;
				GCC_WARN_ABOUT_RETURN_TYPE = YES_ERROR;
				GCC_WARN_UNDECLARED_SELECTOR = YES;
				GCC_WARN_UNINITIALIZED_AUTOS = YES_AGGRESSIVE;
				GCC_WARN_UNUSED_FUNCTION = YES;
				GCC_WARN_UNUSED_VARIABLE = YES;
				IPHONEOS_DEPLOYMENT_TARGET = 14.4;
				MTL_ENABLE_DEBUG_INFO = INCLUDE_SOURCE;
				MTL_FAST_MATH = YES;
				ONLY_ACTIVE_ARCH = YES;
				SDKROOT = iphoneos;
				SWIFT_ACTIVE_COMPILATION_CONDITIONS = DEBUG;
				SWIFT_OPTIMIZATION_LEVEL = "-Onone";
			};
			name = Debug;
		};
		418949CB261A25DF00744980 /* Release */ = {
			isa = XCBuildConfiguration;
			buildSettings = {
				ALWAYS_SEARCH_USER_PATHS = NO;
				CLANG_ANALYZER_NONNULL = YES;
				CLANG_ANALYZER_NUMBER_OBJECT_CONVERSION = YES_AGGRESSIVE;
				CLANG_CXX_LANGUAGE_STANDARD = "gnu++14";
				CLANG_CXX_LIBRARY = "libc++";
				CLANG_ENABLE_MODULES = YES;
				CLANG_ENABLE_OBJC_ARC = YES;
				CLANG_ENABLE_OBJC_WEAK = YES;
				CLANG_WARN_BLOCK_CAPTURE_AUTORELEASING = YES;
				CLANG_WARN_BOOL_CONVERSION = YES;
				CLANG_WARN_COMMA = YES;
				CLANG_WARN_CONSTANT_CONVERSION = YES;
				CLANG_WARN_DEPRECATED_OBJC_IMPLEMENTATIONS = YES;
				CLANG_WARN_DIRECT_OBJC_ISA_USAGE = YES_ERROR;
				CLANG_WARN_DOCUMENTATION_COMMENTS = YES;
				CLANG_WARN_EMPTY_BODY = YES;
				CLANG_WARN_ENUM_CONVERSION = YES;
				CLANG_WARN_INFINITE_RECURSION = YES;
				CLANG_WARN_INT_CONVERSION = YES;
				CLANG_WARN_NON_LITERAL_NULL_CONVERSION = YES;
				CLANG_WARN_OBJC_IMPLICIT_RETAIN_SELF = YES;
				CLANG_WARN_OBJC_LITERAL_CONVERSION = YES;
				CLANG_WARN_OBJC_ROOT_CLASS = YES_ERROR;
				CLANG_WARN_QUOTED_INCLUDE_IN_FRAMEWORK_HEADER = YES;
				CLANG_WARN_RANGE_LOOP_ANALYSIS = YES;
				CLANG_WARN_STRICT_PROTOTYPES = YES;
				CLANG_WARN_SUSPICIOUS_MOVE = YES;
				CLANG_WARN_UNGUARDED_AVAILABILITY = YES_AGGRESSIVE;
				CLANG_WARN_UNREACHABLE_CODE = YES;
				CLANG_WARN__DUPLICATE_METHOD_MATCH = YES;
				COPY_PHASE_STRIP = NO;
				DEBUG_INFORMATION_FORMAT = "dwarf-with-dsym";
				ENABLE_NS_ASSERTIONS = NO;
				ENABLE_STRICT_OBJC_MSGSEND = YES;
				GCC_C_LANGUAGE_STANDARD = gnu11;
				GCC_NO_COMMON_BLOCKS = YES;
				GCC_WARN_64_TO_32_BIT_CONVERSION = YES;
				GCC_WARN_ABOUT_RETURN_TYPE = YES_ERROR;
				GCC_WARN_UNDECLARED_SELECTOR = YES;
				GCC_WARN_UNINITIALIZED_AUTOS = YES_AGGRESSIVE;
				GCC_WARN_UNUSED_FUNCTION = YES;
				GCC_WARN_UNUSED_VARIABLE = YES;
				IPHONEOS_DEPLOYMENT_TARGET = 14.4;
				MTL_ENABLE_DEBUG_INFO = NO;
				MTL_FAST_MATH = YES;
				SDKROOT = iphoneos;
				SWIFT_COMPILATION_MODE = wholemodule;
				SWIFT_OPTIMIZATION_LEVEL = "-O";
				VALIDATE_PRODUCT = YES;
			};
			name = Release;
		};
		418949CD261A25DF00744980 /* Debug */ = {
			isa = XCBuildConfiguration;
			buildSettings = {
				ASSETCATALOG_COMPILER_APPICON_NAME = AppIcon;
				ASSETCATALOG_COMPILER_GLOBAL_ACCENT_COLOR_NAME = AccentColor;
				CODE_SIGN_STYLE = Automatic;
				DEVELOPMENT_TEAM = RG6TT4JCLQ;
				INFOPLIST_FILE = GHFollowers/Support/Info.plist;
				IPHONEOS_DEPLOYMENT_TARGET = 13.0;
				LD_RUNPATH_SEARCH_PATHS = (
					"$(inherited)",
					"@executable_path/Frameworks",
				);
				PRODUCT_BUNDLE_IDENTIFIER = com.annanikiforova.GHFollowers1;
				PRODUCT_NAME = "$(TARGET_NAME)";
				SWIFT_VERSION = 5.0;
				TARGETED_DEVICE_FAMILY = 1;
			};
			name = Debug;
		};
		418949CE261A25DF00744980 /* Release */ = {
			isa = XCBuildConfiguration;
			buildSettings = {
				ASSETCATALOG_COMPILER_APPICON_NAME = AppIcon;
				ASSETCATALOG_COMPILER_GLOBAL_ACCENT_COLOR_NAME = AccentColor;
				CODE_SIGN_STYLE = Automatic;
				DEVELOPMENT_TEAM = RG6TT4JCLQ;
				INFOPLIST_FILE = GHFollowers/Support/Info.plist;
				IPHONEOS_DEPLOYMENT_TARGET = 13.0;
				LD_RUNPATH_SEARCH_PATHS = (
					"$(inherited)",
					"@executable_path/Frameworks",
				);
				PRODUCT_BUNDLE_IDENTIFIER = com.annanikiforova.GHFollowers1;
				PRODUCT_NAME = "$(TARGET_NAME)";
				SWIFT_VERSION = 5.0;
				TARGETED_DEVICE_FAMILY = 1;
			};
			name = Release;
		};
/* End XCBuildConfiguration section */

/* Begin XCConfigurationList section */
		418949B3261A25DE00744980 /* Build configuration list for PBXProject "GHFollowers" */ = {
			isa = XCConfigurationList;
			buildConfigurations = (
				418949CA261A25DF00744980 /* Debug */,
				418949CB261A25DF00744980 /* Release */,
			);
			defaultConfigurationIsVisible = 0;
			defaultConfigurationName = Release;
		};
		418949CC261A25DF00744980 /* Build configuration list for PBXNativeTarget "GHFollowers" */ = {
			isa = XCConfigurationList;
			buildConfigurations = (
				418949CD261A25DF00744980 /* Debug */,
				418949CE261A25DF00744980 /* Release */,
			);
			defaultConfigurationIsVisible = 0;
			defaultConfigurationName = Release;
		};
/* End XCConfigurationList section */
	};
	rootObject = 418949B0261A25DE00744980 /* Project object */;
}
